{
  "meteor": {},
  "dependencies": {
    "basePackages": {
      "bootboxjs": {}
    },
    "packages": {
      "bootboxjs": {
        "git": "https://github.com/TimHeckel/meteor-bootboxjs.git",
        "tag": "v4.2.1-master.1",
        "commit": "c125969c1f3aef30e2a2ff20252bd3b2e4014b2f"
      }
    }
  }
}
